
Microsoft Visual Studio Solution File, Format Version 12.00
# Visual Studio Version 17
VisualStudioVersion = 17.7.34202.233
MinimumVisualStudioVersion = 10.0.40219.1
Project("{9A19103F-16F7-4668-BE54-9A1E7A4F7556}") = "Saggi_timesheet_API", "Saggi_timesheet_API\Saggi_timesheet_API.csproj", "{4862F5B5-808A-4EA8-8B04-0886388889B3}"
EndProject
Project("{2150E333-8FDC-42A3-9474-1A3956D46DE8}") = "Solution Items", "Solution Items", "{BE27DC7A-0A22-48BC-A16C-04C4B27A9B69}"
	ProjectSection(SolutionItems) = preProject
		.editorconfig = .editorconfig
	EndProjectSection
EndProject
Project("{9A19103F-16F7-4668-BE54-9A1E7A4F7556}") = "SaggiTimeSheetAPP", "SaggiTimeSheetAPP\SaggiTimeSheetAPP.csproj", "{0944D5D0-14C6-451F-920D-F05073102C2D}"
EndProject
Project("{FAE04EC0-301F-11D3-BF4B-00C04F79EFBC}") = "SaggiTS", "SaggiTS\SaggiTS.csproj", "{866CF5B8-23AD-41F8-9FA4-3DBE6F7F9327}"
EndProject
Global
	GlobalSection(SolutionConfigurationPlatforms) = preSolution
		Debug|Any CPU = Debug|Any CPU
		Release|Any CPU = Release|Any CPU
	EndGlobalSection
	GlobalSection(ProjectConfigurationPlatforms) = postSolution
		{4862F5B5-808A-4EA8-8B04-0886388889B3}.Debug|Any CPU.ActiveCfg = Debug|Any CPU
		{4862F5B5-808A-4EA8-8B04-0886388889B3}.Debug|Any CPU.Build.0 = Debug|Any CPU
		{4862F5B5-808A-4EA8-8B04-0886388889B3}.Release|Any CPU.ActiveCfg = Release|Any CPU
		{4862F5B5-808A-4EA8-8B04-0886388889B3}.Release|Any CPU.Build.0 = Release|Any CPU
		{0944D5D0-14C6-451F-920D-F05073102C2D}.Debug|Any CPU.ActiveCfg = Debug|Any CPU
		{0944D5D0-14C6-451F-920D-F05073102C2D}.Debug|Any CPU.Build.0 = Debug|Any CPU
		{0944D5D0-14C6-451F-920D-F05073102C2D}.Release|Any CPU.ActiveCfg = Release|Any CPU
		{0944D5D0-14C6-451F-920D-F05073102C2D}.Release|Any CPU.Build.0 = Release|Any CPU
		{866CF5B8-23AD-41F8-9FA4-3DBE6F7F9327}.Debug|Any CPU.ActiveCfg = Debug|Any CPU
		{866CF5B8-23AD-41F8-9FA4-3DBE6F7F9327}.Debug|Any CPU.Build.0 = Debug|Any CPU
		{866CF5B8-23AD-41F8-9FA4-3DBE6F7F9327}.Release|Any CPU.ActiveCfg = Release|Any CPU
		{866CF5B8-23AD-41F8-9FA4-3DBE6F7F9327}.Release|Any CPU.Build.0 = Release|Any CPU
	EndGlobalSection
	GlobalSection(SolutionProperties) = preSolution
		HideSolutionNode = FALSE
	EndGlobalSection
	GlobalSection(ExtensibilityGlobals) = postSolution
		SolutionGuid = {03274D52-5C56-401F-8D2D-CA151DA7AF52}
	EndGlobalSection
EndGlobal
